// !$*UTF8*$!
{
	archiveVersion = 1;
	classes = {
	};
	objectVersion = 46;
	objects = {

/* Begin PBXBuildFile section */
		1D60589B0D05DD56006BFB54 /* main.m in Sources */ = {isa = PBXBuildFile; fileRef = 29B97316FDCFA39411CA2CEA /* main.m */; };
		1D60589F0D05DD5A006BFB54 /* Foundation.framework in Frameworks */ = {isa = PBXBuildFile; fileRef = 1D30AB110D05D00D00671497 /* Foundation.framework */; };
		1DF5F4E00D08C38300B7A737 /* UIKit.framework in Frameworks */ = {isa = PBXBuildFile; fileRef = 1DF5F4DF0D08C38300B7A737 /* UIKit.framework */; settings = {ATTRIBUTES = (Weak, ); }; };
		288765A50DF7441C002DB57D /* CoreGraphics.framework in Frameworks */ = {isa = PBXBuildFile; fileRef = 288765A40DF7441C002DB57D /* CoreGraphics.framework */; };
		2899E5220DE3E06400AC0155 /* MainViewController.xib in Resources */ = {isa = PBXBuildFile; fileRef = 2899E5210DE3E06400AC0155 /* MainViewController.xib */; };
		28AD733F0D9D9553002E5188 /* MainWindow.xib in Resources */ = {isa = PBXBuildFile; fileRef = 28AD733E0D9D9553002E5188 /* MainWindow.xib */; };
		3B7F19E910D1BEB900AFD7FB /* CoreLocation.framework in Frameworks */ = {isa = PBXBuildFile; fileRef = 3B7F19E810D1BEB900AFD7FB /* CoreLocation.framework */; };
		3B7F19EB10D1BEB900AFD7FB /* QuartzCore.framework in Frameworks */ = {isa = PBXBuildFile; fileRef = 3B7F19EA10D1BEB900AFD7FB /* QuartzCore.framework */; };
		96090C12175D2B8F001B4BDB /* WebsiteViewController.m in Sources */ = {isa = PBXBuildFile; fileRef = 96090C11175D2B8F001B4BDB /* WebsiteViewController.m */; };
		965D94D5175D24FB0008A59E /* WebsiteViewController.xib in Resources */ = {isa = PBXBuildFile; fileRef = 965D94D3175D24FB0008A59E /* WebsiteViewController.xib */; };
		9675951717665A9200C22CD2 /* MainViewController_iPad.xib in Resources */ = {isa = PBXBuildFile; fileRef = 9675951617665A9200C22CD2 /* MainViewController_iPad.xib */; };
		968FA525174C0B1700FF8DDE /* Reachability.m in Sources */ = {isa = PBXBuildFile; fileRef = 968FA524174C0B1700FF8DDE /* Reachability.m */; };
		968FA527174C154600FF8DDE /* SystemConfiguration.framework in Frameworks */ = {isa = PBXBuildFile; fileRef = 968FA526174C154600FF8DDE /* SystemConfiguration.framework */; };
		9694F1C7174D06DD0078EB14 /* MainViewController.m in Sources */ = {isa = PBXBuildFile; fileRef = 9694F1C4174D06DD0078EB14 /* MainViewController.m */; };
		9694F23A174D0F720078EB14 /* ResultsViewController.m in Sources */ = {isa = PBXBuildFile; fileRef = 9694F239174D0F720078EB14 /* ResultsViewController.m */; };
		9694F23D174D0FA60078EB14 /* LegendViewController.m in Sources */ = {isa = PBXBuildFile; fileRef = 9694F23C174D0FA60078EB14 /* LegendViewController.m */; };
		9694F240174D0FCA0078EB14 /* LegendDataSource.m in Sources */ = {isa = PBXBuildFile; fileRef = 9694F23F174D0FCA0078EB14 /* LegendDataSource.m */; };
		9694F242174D10240078EB14 /* ResultsViewController.xib in Resources */ = {isa = PBXBuildFile; fileRef = 9694F241174D10240078EB14 /* ResultsViewController.xib */; };
		9694F244174D10510078EB14 /* LegendViewController.xib in Resources */ = {isa = PBXBuildFile; fileRef = 9694F243174D10510078EB14 /* LegendViewController.xib */; };
		9694F245174D13230078EB14 /* TOCViewController.m in Sources */ = {isa = PBXBuildFile; fileRef = C56B409014C78B6C003A46EB /* TOCViewController.m */; };
		9694F246174D135D0078EB14 /* LayerInfo.m in Sources */ = {isa = PBXBuildFile; fileRef = C5B80C0314BD1CD300E3703E /* LayerInfo.m */; };
		9694F247174D135D0078EB14 /* LayerInfoCell.m in Sources */ = {isa = PBXBuildFile; fileRef = C56B40D614CF920A003A46EB /* LayerInfoCell.m */; };
		9694F248174D1AB20078EB14 /* ERSAppDelegate.m in Sources */ = {isa = PBXBuildFile; fileRef = 1D3623250D0F684500981E51 /* ERSAppDelegate.m */; };
		9694F24A174D4B980078EB14 /* location_icon.jpg in Resources */ = {isa = PBXBuildFile; fileRef = 9694F249174D4B980078EB14 /* location_icon.jpg */; };
		9698FD22173BDADD00CA5895 /* PopUpResultsViewController.xib in Resources */ = {isa = PBXBuildFile; fileRef = 9698FD21173BDADD00CA5895 /* PopUpResultsViewController.xib */; };
		969A55EE173ACB8F001D0BC2 /* erslogo_orig.png in Resources */ = {isa = PBXBuildFile; fileRef = 969A55ED173ACB8F001D0BC2 /* erslogo_orig.png */; };
		969A770516FCB15B00851F40 /* ArcGIS.bundle in Resources */ = {isa = PBXBuildFile; fileRef = 969A770416FCB15B00851F40 /* ArcGIS.bundle */; };
		969C0C0A1734427000FC6E79 /* index-cards.png in Resources */ = {isa = PBXBuildFile; fileRef = 969C0C091734427000FC6E79 /* index-cards.png */; };
		969C0C0C173442BF00FC6E79 /* map.png in Resources */ = {isa = PBXBuildFile; fileRef = 969C0C0B173442BF00FC6E79 /* map.png */; };
		96A531221771E44600BFC547 /* Default-icon-iphone.png in Resources */ = {isa = PBXBuildFile; fileRef = 96A5311E1771E44600BFC547 /* Default-icon-iphone.png */; };
		96A531231771E44600BFC547 /* Default-iPhone.png in Resources */ = {isa = PBXBuildFile; fileRef = 96A5311F1771E44600BFC547 /* Default-iPhone.png */; };
		96A531241771E44600BFC547 /* Default.png in Resources */ = {isa = PBXBuildFile; fileRef = 96A531201771E44600BFC547 /* Default.png */; };
		96A531251771E44600BFC547 /* Default@2x.png in Resources */ = {isa = PBXBuildFile; fileRef = 96A531211771E44600BFC547 /* Default@2x.png */; };
		96A531271771E45300BFC547 /* Default_icon.png in Resources */ = {isa = PBXBuildFile; fileRef = 96A531261771E45300BFC547 /* Default_icon.png */; };
		96A5314F1772491900BFC547 /* MainWindow-iPad.xib in Resources */ = {isa = PBXBuildFile; fileRef = 96A5314E1772491900BFC547 /* MainWindow-iPad.xib */; };
		96F43948175E2E830059CB05 /* MapPickerViewController.m in Sources */ = {isa = PBXBuildFile; fileRef = 96F43946175E2E830059CB05 /* MapPickerViewController.m */; };
		96F43949175E2E830059CB05 /* MapPickerViewController.xib in Resources */ = {isa = PBXBuildFile; fileRef = 96F43947175E2E830059CB05 /* MapPickerViewController.xib */; };
		96F4394E175E367D0059CB05 /* SNAPbenefits2010.png in Resources */ = {isa = PBXBuildFile; fileRef = 96F4394A175E367D0059CB05 /* SNAPbenefits2010.png */; };
		96F4394F175E367D0059CB05 /* SNAPparticipation2010.png in Resources */ = {isa = PBXBuildFile; fileRef = 96F4394B175E367D0059CB05 /* SNAPparticipation2010.png */; };
		96F43950175E367D0059CB05 /* SNAPperperson2010.png in Resources */ = {isa = PBXBuildFile; fileRef = 96F4394C175E367D0059CB05 /* SNAPperperson2010.png */; };
		96F43951175E367D0059CB05 /* SocioeconomicChildPoverty2010.png in Resources */ = {isa = PBXBuildFile; fileRef = 96F4394D175E367D0059CB05 /* SocioeconomicChildPoverty2010.png */; };
		96F43954175E4D740059CB05 /* Map.m in Sources */ = {isa = PBXBuildFile; fileRef = 96F43953175E4D740059CB05 /* Map.m */; };
		96F43958175E7D690059CB05 /* PickerNavigationController.m in Sources */ = {isa = PBXBuildFile; fileRef = 96F43956175E7D690059CB05 /* PickerNavigationController.m */; };
		96F43959175E7D690059CB05 /* PickerNavigationController.xib in Resources */ = {isa = PBXBuildFile; fileRef = 96F43957175E7D690059CB05 /* PickerNavigationController.xib */; };
		9702E53C1446526400A46CA5 /* libz.dylib in Frameworks */ = {isa = PBXBuildFile; fileRef = 9702E53B1446526400A46CA5 /* libz.dylib */; };
		9702E5431446527000A46CA5 /* Security.framework in Frameworks */ = {isa = PBXBuildFile; fileRef = 9702E5421446527000A46CA5 /* Security.framework */; };
		97042291135505D9005310BA /* CoreText.framework in Frameworks */ = {isa = PBXBuildFile; fileRef = 97042290135505D9005310BA /* CoreText.framework */; };
		9792DFAC13B2661F00C41657 /* MediaPlayer.framework in Frameworks */ = {isa = PBXBuildFile; fileRef = 9792DFAB13B2661F00C41657 /* MediaPlayer.framework */; };
		9792DFAF13B2662500C41657 /* MobileCoreServices.framework in Frameworks */ = {isa = PBXBuildFile; fileRef = 9792DFAE13B2662500C41657 /* MobileCoreServices.framework */; };
		97B8C4161678617C003B6E1B /* libc++.dylib in Frameworks */ = {isa = PBXBuildFile; fileRef = 97B8C4151678617C003B6E1B /* libc++.dylib */; };
		97B8C41816786182003B6E1B /* OpenGLES.framework in Frameworks */ = {isa = PBXBuildFile; fileRef = 97B8C41716786182003B6E1B /* OpenGLES.framework */; };
		97B8C41A16786197003B6E1B /* Default-568h@2x.png in Resources */ = {isa = PBXBuildFile; fileRef = 97B8C41916786197003B6E1B /* Default-568h@2x.png */; };
		97E8186C1304CDDF001E3C72 /* icon.png in Resources */ = {isa = PBXBuildFile; fileRef = 97E8186A1304CDDF001E3C72 /* icon.png */; };
		97E8186D1304CDDF001E3C72 /* icon@2x.png in Resources */ = {isa = PBXBuildFile; fileRef = 97E8186B1304CDDF001E3C72 /* icon@2x.png */; };
		C56B409314C78B6C003A46EB /* TOCViewController.xib in Resources */ = {isa = PBXBuildFile; fileRef = C56B409114C78B6C003A46EB /* TOCViewController.xib */; };
		C56B40DA14CF923B003A46EB /* CircleArrowRight_sml.png in Resources */ = {isa = PBXBuildFile; fileRef = C56B40D814CF923A003A46EB /* CircleArrowRight_sml.png */; };
		C56B40DB14CF923B003A46EB /* CircleArrowDown_sml.png in Resources */ = {isa = PBXBuildFile; fileRef = C56B40D914CF923A003A46EB /* CircleArrowDown_sml.png */; };
		C56B40E214CFA067003A46EB /* LayerLegendCell.m in Sources */ = {isa = PBXBuildFile; fileRef = C56B40E114CFA067003A46EB /* LayerLegendCell.m */; };
		C56B410114D722BF003A46EB /* checkbox_checked.png in Resources */ = {isa = PBXBuildFile; fileRef = C56B40FF14D722BF003A46EB /* checkbox_checked.png */; };
		C56B410214D722BF003A46EB /* checkbox_unchecked.png in Resources */ = {isa = PBXBuildFile; fileRef = C56B410014D722BF003A46EB /* checkbox_unchecked.png */; };
/* End PBXBuildFile section */

/* Begin PBXFileReference section */
		1D30AB110D05D00D00671497 /* Foundation.framework */ = {isa = PBXFileReference; lastKnownFileType = wrapper.framework; name = Foundation.framework; path = System/Library/Frameworks/Foundation.framework; sourceTree = SDKROOT; };
		1D3623240D0F684500981E51 /* ERSAppDelegate.h */ = {isa = PBXFileReference; fileEncoding = 4; lastKnownFileType = sourcecode.c.h; path = ERSAppDelegate.h; sourceTree = "<group>"; };
		1D3623250D0F684500981E51 /* ERSAppDelegate.m */ = {isa = PBXFileReference; fileEncoding = 4; lastKnownFileType = sourcecode.c.objc; path = ERSAppDelegate.m; sourceTree = "<group>"; };
		1D6058910D05DD3D006BFB54 /* MapStyle2.app */ = {isa = PBXFileReference; explicitFileType = wrapper.application; includeInIndex = 0; path = MapStyle2.app; sourceTree = BUILT_PRODUCTS_DIR; };
		1DF5F4DF0D08C38300B7A737 /* UIKit.framework */ = {isa = PBXFileReference; lastKnownFileType = wrapper.framework; name = UIKit.framework; path = System/Library/Frameworks/UIKit.framework; sourceTree = SDKROOT; };
		288765A40DF7441C002DB57D /* CoreGraphics.framework */ = {isa = PBXFileReference; lastKnownFileType = wrapper.framework; name = CoreGraphics.framework; path = System/Library/Frameworks/CoreGraphics.framework; sourceTree = SDKROOT; };
		2899E5210DE3E06400AC0155 /* MainViewController.xib */ = {isa = PBXFileReference; lastKnownFileType = file.xib; path = MainViewController.xib; sourceTree = "<group>"; };
		28AD733E0D9D9553002E5188 /* MainWindow.xib */ = {isa = PBXFileReference; lastKnownFileType = file.xib; path = MainWindow.xib; sourceTree = "<group>"; };
		29B97316FDCFA39411CA2CEA /* main.m */ = {isa = PBXFileReference; fileEncoding = 4; lastKnownFileType = sourcecode.c.objc; path = main.m; sourceTree = "<group>"; };
		32CA4F630368D1EE00C91783 /* TableOfContentsSample_Prefix.pch */ = {isa = PBXFileReference; fileEncoding = 4; lastKnownFileType = sourcecode.c.h; path = TableOfContentsSample_Prefix.pch; sourceTree = "<group>"; };
		3B7F19E810D1BEB900AFD7FB /* CoreLocation.framework */ = {isa = PBXFileReference; lastKnownFileType = wrapper.framework; name = CoreLocation.framework; path = System/Library/Frameworks/CoreLocation.framework; sourceTree = SDKROOT; };
		3B7F19EA10D1BEB900AFD7FB /* QuartzCore.framework */ = {isa = PBXFileReference; lastKnownFileType = wrapper.framework; name = QuartzCore.framework; path = System/Library/Frameworks/QuartzCore.framework; sourceTree = SDKROOT; };
		8D1107310486CEB800E47090 /* TableOfContentsSample-Info.plist */ = {isa = PBXFileReference; fileEncoding = 4; lastKnownFileType = text.plist.xml; path = "TableOfContentsSample-Info.plist"; plistStructureDefinitionIdentifier = "com.apple.xcode.plist.structure-definition.iphone.info-plist"; sourceTree = "<group>"; };
		96090C10175D2B8F001B4BDB /* WebsiteViewController.h */ = {isa = PBXFileReference; fileEncoding = 4; lastKnownFileType = sourcecode.c.h; path = WebsiteViewController.h; sourceTree = "<group>"; };
		96090C11175D2B8F001B4BDB /* WebsiteViewController.m */ = {isa = PBXFileReference; fileEncoding = 4; lastKnownFileType = sourcecode.c.objc; path = WebsiteViewController.m; sourceTree = "<group>"; };
		965D94D3175D24FB0008A59E /* WebsiteViewController.xib */ = {isa = PBXFileReference; fileEncoding = 4; lastKnownFileType = file.xib; name = WebsiteViewController.xib; path = Classes/WebsiteViewController.xib; sourceTree = "<group>"; };
		9675951617665A9200C22CD2 /* MainViewController_iPad.xib */ = {isa = PBXFileReference; fileEncoding = 4; lastKnownFileType = file.xib; path = MainViewController_iPad.xib; sourceTree = "<group>"; };
		968FA523174C0B1700FF8DDE /* Reachability.h */ = {isa = PBXFileReference; fileEncoding = 4; lastKnownFileType = sourcecode.c.h; path = Reachability.h; sourceTree = "<group>"; };
		968FA524174C0B1700FF8DDE /* Reachability.m */ = {isa = PBXFileReference; fileEncoding = 4; lastKnownFileType = sourcecode.c.objc; path = Reachability.m; sourceTree = "<group>"; };
		968FA526174C154600FF8DDE /* SystemConfiguration.framework */ = {isa = PBXFileReference; lastKnownFileType = wrapper.framework; name = SystemConfiguration.framework; path = System/Library/Frameworks/SystemConfiguration.framework; sourceTree = SDKROOT; };
		9694F1C3174D06DD0078EB14 /* MainViewController.h */ = {isa = PBXFileReference; fileEncoding = 4; lastKnownFileType = sourcecode.c.h; path = MainViewController.h; sourceTree = "<group>"; };
		9694F1C4174D06DD0078EB14 /* MainViewController.m */ = {isa = PBXFileReference; fileEncoding = 4; lastKnownFileType = sourcecode.c.objc; path = MainViewController.m; sourceTree = "<group>"; };
		9694F238174D0F720078EB14 /* ResultsViewController.h */ = {isa = PBXFileReference; fileEncoding = 4; lastKnownFileType = sourcecode.c.h; path = ResultsViewController.h; sourceTree = "<group>"; };
		9694F239174D0F720078EB14 /* ResultsViewController.m */ = {isa = PBXFileReference; fileEncoding = 4; lastKnownFileType = sourcecode.c.objc; path = ResultsViewController.m; sourceTree = "<group>"; };
		9694F23B174D0FA60078EB14 /* LegendViewController.h */ = {isa = PBXFileReference; fileEncoding = 4; lastKnownFileType = sourcecode.c.h; path = LegendViewController.h; sourceTree = "<group>"; };
		9694F23C174D0FA60078EB14 /* LegendViewController.m */ = {isa = PBXFileReference; fileEncoding = 4; lastKnownFileType = sourcecode.c.objc; path = LegendViewController.m; sourceTree = "<group>"; };
		9694F23E174D0FCA0078EB14 /* LegendDataSource.h */ = {isa = PBXFileReference; fileEncoding = 4; lastKnownFileType = sourcecode.c.h; path = LegendDataSource.h; sourceTree = "<group>"; };
		9694F23F174D0FCA0078EB14 /* LegendDataSource.m */ = {isa = PBXFileReference; fileEncoding = 4; lastKnownFileType = sourcecode.c.objc; path = LegendDataSource.m; sourceTree = "<group>"; };
		9694F241174D10240078EB14 /* ResultsViewController.xib */ = {isa = PBXFileReference; fileEncoding = 4; lastKnownFileType = file.xib; path = ResultsViewController.xib; sourceTree = "<group>"; };
		9694F243174D10510078EB14 /* LegendViewController.xib */ = {isa = PBXFileReference; fileEncoding = 4; lastKnownFileType = file.xib; path = LegendViewController.xib; sourceTree = "<group>"; };
		9694F249174D4B980078EB14 /* location_icon.jpg */ = {isa = PBXFileReference; lastKnownFileType = image.jpeg; path = location_icon.jpg; sourceTree = "<group>"; };
		9698FD21173BDADD00CA5895 /* PopUpResultsViewController.xib */ = {isa = PBXFileReference; fileEncoding = 4; lastKnownFileType = file.xib; path = PopUpResultsViewController.xib; sourceTree = "<group>"; };
		969A55ED173ACB8F001D0BC2 /* erslogo_orig.png */ = {isa = PBXFileReference; lastKnownFileType = image.png; path = erslogo_orig.png; sourceTree = "<group>"; };
		969A770416FCB15B00851F40 /* ArcGIS.bundle */ = {isa = PBXFileReference; lastKnownFileType = "wrapper.plug-in"; path = ArcGIS.bundle; sourceTree = "<group>"; };
		969C0C091734427000FC6E79 /* index-cards.png */ = {isa = PBXFileReference; lastKnownFileType = image.png; path = "index-cards.png"; sourceTree = "<group>"; };
		969C0C0B173442BF00FC6E79 /* map.png */ = {isa = PBXFileReference; lastKnownFileType = image.png; path = map.png; sourceTree = "<group>"; };
		96A5311E1771E44600BFC547 /* Default-icon-iphone.png */ = {isa = PBXFileReference; lastKnownFileType = image.png; path = "Default-icon-iphone.png"; sourceTree = "<group>"; };
		96A5311F1771E44600BFC547 /* Default-iPhone.png */ = {isa = PBXFileReference; lastKnownFileType = image.png; path = "Default-iPhone.png"; sourceTree = "<group>"; };
		96A531201771E44600BFC547 /* Default.png */ = {isa = PBXFileReference; lastKnownFileType = image.png; path = Default.png; sourceTree = "<group>"; };
		96A531211771E44600BFC547 /* Default@2x.png */ = {isa = PBXFileReference; lastKnownFileType = image.png; path = "Default@2x.png"; sourceTree = "<group>"; };
		96A531261771E45300BFC547 /* Default_icon.png */ = {isa = PBXFileReference; lastKnownFileType = image.png; path = Default_icon.png; sourceTree = "<group>"; };
		96A5314E1772491900BFC547 /* MainWindow-iPad.xib */ = {isa = PBXFileReference; lastKnownFileType = file.xib; name = "MainWindow-iPad.xib"; path = "iPad/MainWindow-iPad.xib"; sourceTree = "<group>"; };
		96F43945175E2E830059CB05 /* MapPickerViewController.h */ = {isa = PBXFileReference; fileEncoding = 4; lastKnownFileType = sourcecode.c.h; path = MapPickerViewController.h; sourceTree = "<group>"; };
		96F43946175E2E830059CB05 /* MapPickerViewController.m */ = {isa = PBXFileReference; fileEncoding = 4; lastKnownFileType = sourcecode.c.objc; path = MapPickerViewController.m; sourceTree = "<group>"; };
		96F43947175E2E830059CB05 /* MapPickerViewController.xib */ = {isa = PBXFileReference; fileEncoding = 4; lastKnownFileType = file.xib; name = MapPickerViewController.xib; path = Classes/MapPickerViewController.xib; sourceTree = "<group>"; };
		96F4394A175E367D0059CB05 /* SNAPbenefits2010.png */ = {isa = PBXFileReference; lastKnownFileType = image.png; path = SNAPbenefits2010.png; sourceTree = "<group>"; };
		96F4394B175E367D0059CB05 /* SNAPparticipation2010.png */ = {isa = PBXFileReference; lastKnownFileType = image.png; path = SNAPparticipation2010.png; sourceTree = "<group>"; };
		96F4394C175E367D0059CB05 /* SNAPperperson2010.png */ = {isa = PBXFileReference; lastKnownFileType = image.png; path = SNAPperperson2010.png; sourceTree = "<group>"; };
		96F4394D175E367D0059CB05 /* SocioeconomicChildPoverty2010.png */ = {isa = PBXFileReference; lastKnownFileType = image.png; path = SocioeconomicChildPoverty2010.png; sourceTree = "<group>"; };
		96F43952175E4D740059CB05 /* Map.h */ = {isa = PBXFileReference; fileEncoding = 4; lastKnownFileType = sourcecode.c.h; path = Map.h; sourceTree = "<group>"; };
		96F43953175E4D740059CB05 /* Map.m */ = {isa = PBXFileReference; fileEncoding = 4; lastKnownFileType = sourcecode.c.objc; path = Map.m; sourceTree = "<group>"; };
		96F43955175E7D680059CB05 /* PickerNavigationController.h */ = {isa = PBXFileReference; fileEncoding = 4; lastKnownFileType = sourcecode.c.h; path = PickerNavigationController.h; sourceTree = "<group>"; };
		96F43956175E7D690059CB05 /* PickerNavigationController.m */ = {isa = PBXFileReference; fileEncoding = 4; lastKnownFileType = sourcecode.c.objc; path = PickerNavigationController.m; sourceTree = "<group>"; };
		96F43957175E7D690059CB05 /* PickerNavigationController.xib */ = {isa = PBXFileReference; fileEncoding = 4; lastKnownFileType = file.xib; name = PickerNavigationController.xib; path = Classes/PickerNavigationController.xib; sourceTree = "<group>"; };
		9702E53B1446526400A46CA5 /* libz.dylib */ = {isa = PBXFileReference; lastKnownFileType = "compiled.mach-o.dylib"; name = libz.dylib; path = usr/lib/libz.dylib; sourceTree = SDKROOT; };
		9702E5421446527000A46CA5 /* Security.framework */ = {isa = PBXFileReference; lastKnownFileType = wrapper.framework; name = Security.framework; path = System/Library/Frameworks/Security.framework; sourceTree = SDKROOT; };
		97042290135505D9005310BA /* CoreText.framework */ = {isa = PBXFileReference; lastKnownFileType = wrapper.framework; name = CoreText.framework; path = System/Library/Frameworks/CoreText.framework; sourceTree = SDKROOT; };
		9792DFAB13B2661F00C41657 /* MediaPlayer.framework */ = {isa = PBXFileReference; lastKnownFileType = wrapper.framework; name = MediaPlayer.framework; path = System/Library/Frameworks/MediaPlayer.framework; sourceTree = SDKROOT; };
		9792DFAE13B2662500C41657 /* MobileCoreServices.framework */ = {isa = PBXFileReference; lastKnownFileType = wrapper.framework; name = MobileCoreServices.framework; path = System/Library/Frameworks/MobileCoreServices.framework; sourceTree = SDKROOT; };
		97B8C4151678617C003B6E1B /* libc++.dylib */ = {isa = PBXFileReference; lastKnownFileType = "compiled.mach-o.dylib"; name = "libc++.dylib"; path = "usr/lib/libc++.dylib"; sourceTree = SDKROOT; };
		97B8C41716786182003B6E1B /* OpenGLES.framework */ = {isa = PBXFileReference; lastKnownFileType = wrapper.framework; name = OpenGLES.framework; path = System/Library/Frameworks/OpenGLES.framework; sourceTree = SDKROOT; };
		97B8C41916786197003B6E1B /* Default-568h@2x.png */ = {isa = PBXFileReference; lastKnownFileType = image.png; path = "Default-568h@2x.png"; sourceTree = "<group>"; };
		97E8186A1304CDDF001E3C72 /* icon.png */ = {isa = PBXFileReference; lastKnownFileType = image.png; path = icon.png; sourceTree = "<group>"; };
		97E8186B1304CDDF001E3C72 /* icon@2x.png */ = {isa = PBXFileReference; lastKnownFileType = image.png; path = "icon@2x.png"; sourceTree = "<group>"; };
		C56B408F14C78B6C003A46EB /* TOCViewController.h */ = {isa = PBXFileReference; fileEncoding = 4; lastKnownFileType = sourcecode.c.h; path = TOCViewController.h; sourceTree = "<group>"; };
		C56B409014C78B6C003A46EB /* TOCViewController.m */ = {isa = PBXFileReference; fileEncoding = 4; lastKnownFileType = sourcecode.c.objc; path = TOCViewController.m; sourceTree = "<group>"; };
		C56B409114C78B6C003A46EB /* TOCViewController.xib */ = {isa = PBXFileReference; fileEncoding = 4; lastKnownFileType = file.xib; name = TOCViewController.xib; path = Classes/TOCViewController.xib; sourceTree = "<group>"; };
		C56B40D514CF920A003A46EB /* LayerInfoCell.h */ = {isa = PBXFileReference; fileEncoding = 4; lastKnownFileType = sourcecode.c.h; path = LayerInfoCell.h; sourceTree = "<group>"; };
		C56B40D614CF920A003A46EB /* LayerInfoCell.m */ = {isa = PBXFileReference; fileEncoding = 4; lastKnownFileType = sourcecode.c.objc; path = LayerInfoCell.m; sourceTree = "<group>"; };
		C56B40D814CF923A003A46EB /* CircleArrowRight_sml.png */ = {isa = PBXFileReference; lastKnownFileType = image.png; name = CircleArrowRight_sml.png; path = Classes/CircleArrowRight_sml.png; sourceTree = "<group>"; };
		C56B40D914CF923A003A46EB /* CircleArrowDown_sml.png */ = {isa = PBXFileReference; lastKnownFileType = image.png; name = CircleArrowDown_sml.png; path = Classes/CircleArrowDown_sml.png; sourceTree = "<group>"; };
		C56B40E014CFA067003A46EB /* LayerLegendCell.h */ = {isa = PBXFileReference; fileEncoding = 4; lastKnownFileType = sourcecode.c.h; path = LayerLegendCell.h; sourceTree = "<group>"; };
		C56B40E114CFA067003A46EB /* LayerLegendCell.m */ = {isa = PBXFileReference; fileEncoding = 4; lastKnownFileType = sourcecode.c.objc; path = LayerLegendCell.m; sourceTree = "<group>"; };
		C56B40FF14D722BF003A46EB /* checkbox_checked.png */ = {isa = PBXFileReference; lastKnownFileType = image.png; path = checkbox_checked.png; sourceTree = "<group>"; };
		C56B410014D722BF003A46EB /* checkbox_unchecked.png */ = {isa = PBXFileReference; lastKnownFileType = image.png; path = checkbox_unchecked.png; sourceTree = "<group>"; };
		C5B80C0214BD1CD300E3703E /* LayerInfo.h */ = {isa = PBXFileReference; fileEncoding = 4; lastKnownFileType = sourcecode.c.h; path = LayerInfo.h; sourceTree = "<group>"; };
		C5B80C0314BD1CD300E3703E /* LayerInfo.m */ = {isa = PBXFileReference; fileEncoding = 4; lastKnownFileType = sourcecode.c.objc; path = LayerInfo.m; sourceTree = "<group>"; };
/* End PBXFileReference section */

/* Begin PBXFrameworksBuildPhase section */
		1D60588F0D05DD3D006BFB54 /* Frameworks */ = {
			isa = PBXFrameworksBuildPhase;
			buildActionMask = 2147483647;
			files = (
				968FA527174C154600FF8DDE /* SystemConfiguration.framework in Frameworks */,
				97B8C41816786182003B6E1B /* OpenGLES.framework in Frameworks */,
				97B8C4161678617C003B6E1B /* libc++.dylib in Frameworks */,
				9702E5431446527000A46CA5 /* Security.framework in Frameworks */,
				9702E53C1446526400A46CA5 /* libz.dylib in Frameworks */,
				9792DFAF13B2662500C41657 /* MobileCoreServices.framework in Frameworks */,
				9792DFAC13B2661F00C41657 /* MediaPlayer.framework in Frameworks */,
				1D60589F0D05DD5A006BFB54 /* Foundation.framework in Frameworks */,
				1DF5F4E00D08C38300B7A737 /* UIKit.framework in Frameworks */,
				288765A50DF7441C002DB57D /* CoreGraphics.framework in Frameworks */,
				3B7F19E910D1BEB900AFD7FB /* CoreLocation.framework in Frameworks */,
				3B7F19EB10D1BEB900AFD7FB /* QuartzCore.framework in Frameworks */,
				97042291135505D9005310BA /* CoreText.framework in Frameworks */,
			);
			runOnlyForDeploymentPostprocessing = 0;
		};
/* End PBXFrameworksBuildPhase section */

/* Begin PBXGroup section */
		080E96DDFE201D6D7F000001 /* TOC */ = {
			isa = PBXGroup;
			children = (
				C56B411914D8C2A8003A46EB /* UserInterface */,
				C56B411814D8C297003A46EB /* Model */,
				1D3623240D0F684500981E51 /* ERSAppDelegate.h */,
				1D3623250D0F684500981E51 /* ERSAppDelegate.m */,
			);
			name = TOC;
			path = Classes;
			sourceTree = "<group>";
		};
		19C28FACFE9D520D11CA2CBB /* Products */ = {
			isa = PBXGroup;
			children = (
				1D6058910D05DD3D006BFB54 /* MapStyle2.app */,
			);
			name = Products;
			sourceTree = "<group>";
		};
		29B97314FDCFA39411CA2CEA /* CustomTemplate */ = {
			isa = PBXGroup;
			children = (
				080E96DDFE201D6D7F000001 /* TOC */,
				29B97315FDCFA39411CA2CEA /* Other Sources */,
				29B97317FDCFA39411CA2CEA /* Resources */,
				96A5314D1772491700BFC547 /* iPad */,
				AF6FBC8A12550E5300F476B4 /* Resources-iPad */,
				29B97323FDCFA39411CA2CEA /* Frameworks */,
				19C28FACFE9D520D11CA2CBB /* Products */,
			);
			name = CustomTemplate;
			sourceTree = "<group>";
		};
		29B97315FDCFA39411CA2CEA /* Other Sources */ = {
			isa = PBXGroup;
			children = (
				32CA4F630368D1EE00C91783 /* TableOfContentsSample_Prefix.pch */,
				29B97316FDCFA39411CA2CEA /* main.m */,
			);
			name = "Other Sources";
			sourceTree = "<group>";
		};
		29B97317FDCFA39411CA2CEA /* Resources */ = {
			isa = PBXGroup;
			children = (
				969A55F1173AD63B001D0BC2 /* graphics */,
				969A770416FCB15B00851F40 /* ArcGIS.bundle */,
				9694F241174D10240078EB14 /* ResultsViewController.xib */,
				96F43957175E7D690059CB05 /* PickerNavigationController.xib */,
				96F43947175E2E830059CB05 /* MapPickerViewController.xib */,
				965D94D3175D24FB0008A59E /* WebsiteViewController.xib */,
				9694F243174D10510078EB14 /* LegendViewController.xib */,
				C56B409114C78B6C003A46EB /* TOCViewController.xib */,
				9698FD21173BDADD00CA5895 /* PopUpResultsViewController.xib */,
				2899E5210DE3E06400AC0155 /* MainViewController.xib */,
				28AD733E0D9D9553002E5188 /* MainWindow.xib */,
				8D1107310486CEB800E47090 /* TableOfContentsSample-Info.plist */,
			);
			name = Resources;
			sourceTree = "<group>";
		};
		29B97323FDCFA39411CA2CEA /* Frameworks */ = {
			isa = PBXGroup;
			children = (
				968FA526174C154600FF8DDE /* SystemConfiguration.framework */,
				97B8C41716786182003B6E1B /* OpenGLES.framework */,
				97B8C4151678617C003B6E1B /* libc++.dylib */,
				9702E53B1446526400A46CA5 /* libz.dylib */,
				9702E5421446527000A46CA5 /* Security.framework */,
				9792DFAE13B2662500C41657 /* MobileCoreServices.framework */,
				9792DFAB13B2661F00C41657 /* MediaPlayer.framework */,
				1DF5F4DF0D08C38300B7A737 /* UIKit.framework */,
				1D30AB110D05D00D00671497 /* Foundation.framework */,
				288765A40DF7441C002DB57D /* CoreGraphics.framework */,
				3B7F19E810D1BEB900AFD7FB /* CoreLocation.framework */,
				3B7F19EA10D1BEB900AFD7FB /* QuartzCore.framework */,
				97042290135505D9005310BA /* CoreText.framework */,
			);
			name = Frameworks;
			sourceTree = "<group>";
		};
		969A55F1173AD63B001D0BC2 /* graphics */ = {
			isa = PBXGroup;
			children = (
				96A531261771E45300BFC547 /* Default_icon.png */,
				96A5311E1771E44600BFC547 /* Default-icon-iphone.png */,
				96A5311F1771E44600BFC547 /* Default-iPhone.png */,
				96A531201771E44600BFC547 /* Default.png */,
				96A531211771E44600BFC547 /* Default@2x.png */,
				96F4394A175E367D0059CB05 /* SNAPbenefits2010.png */,
				96F4394B175E367D0059CB05 /* SNAPparticipation2010.png */,
				96F4394C175E367D0059CB05 /* SNAPperperson2010.png */,
				96F4394D175E367D0059CB05 /* SocioeconomicChildPoverty2010.png */,
				969C0C0B173442BF00FC6E79 /* map.png */,
				C56B40D814CF923A003A46EB /* CircleArrowRight_sml.png */,
				C56B40D914CF923A003A46EB /* CircleArrowDown_sml.png */,
				9694F249174D4B980078EB14 /* location_icon.jpg */,
				C56B40FF14D722BF003A46EB /* checkbox_checked.png */,
				C56B410014D722BF003A46EB /* checkbox_unchecked.png */,
				97E8186A1304CDDF001E3C72 /* icon.png */,
				97E8186B1304CDDF001E3C72 /* icon@2x.png */,
				969A55ED173ACB8F001D0BC2 /* erslogo_orig.png */,
				969C0C091734427000FC6E79 /* index-cards.png */,
				97B8C41916786197003B6E1B /* Default-568h@2x.png */,
			);
			name = graphics;
			sourceTree = "<group>";
		};
		96A5314D1772491700BFC547 /* iPad */ = {
			isa = PBXGroup;
			children = (
				96A5314E1772491900BFC547 /* MainWindow-iPad.xib */,
			);
			name = iPad;
			sourceTree = "<group>";
		};
		AF6FBC8A12550E5300F476B4 /* Resources-iPad */ = {
			isa = PBXGroup;
			children = (
				9675951617665A9200C22CD2 /* MainViewController_iPad.xib */,
			);
			name = "Resources-iPad";
			sourceTree = "<group>";
		};
		C56B411814D8C297003A46EB /* Model */ = {
			isa = PBXGroup;
			children = (
				968FA523174C0B1700FF8DDE /* Reachability.h */,
				968FA524174C0B1700FF8DDE /* Reachability.m */,
				9694F23E174D0FCA0078EB14 /* LegendDataSource.h */,
				9694F23F174D0FCA0078EB14 /* LegendDataSource.m */,
				C5B80C0214BD1CD300E3703E /* LayerInfo.h */,
				C5B80C0314BD1CD300E3703E /* LayerInfo.m */,
				C56B40D514CF920A003A46EB /* LayerInfoCell.h */,
				C56B40D614CF920A003A46EB /* LayerInfoCell.m */,
				C56B40E014CFA067003A46EB /* LayerLegendCell.h */,
				C56B40E114CFA067003A46EB /* LayerLegendCell.m */,
				96F43952175E4D740059CB05 /* Map.h */,
				96F43953175E4D740059CB05 /* Map.m */,
			);
			name = Model;
			sourceTree = "<group>";
		};
		C56B411914D8C2A8003A46EB /* UserInterface */ = {
			isa = PBXGroup;
			children = (
				96090C10175D2B8F001B4BDB /* WebsiteViewController.h */,
				96090C11175D2B8F001B4BDB /* WebsiteViewController.m */,
				9694F23B174D0FA60078EB14 /* LegendViewController.h */,
				9694F23C174D0FA60078EB14 /* LegendViewController.m */,
				9694F1C3174D06DD0078EB14 /* MainViewController.h */,
				9694F1C4174D06DD0078EB14 /* MainViewController.m */,
				C56B409014C78B6C003A46EB /* TOCViewController.m */,
				C56B408F14C78B6C003A46EB /* TOCViewController.h */,
				9694F238174D0F720078EB14 /* ResultsViewController.h */,
				9694F239174D0F720078EB14 /* ResultsViewController.m */,
				96F43945175E2E830059CB05 /* MapPickerViewController.h */,
				96F43946175E2E830059CB05 /* MapPickerViewController.m */,
				96F43955175E7D680059CB05 /* PickerNavigationController.h */,
				96F43956175E7D690059CB05 /* PickerNavigationController.m */,
			);
			name = UserInterface;
			sourceTree = "<group>";
		};
/* End PBXGroup section */

/* Begin PBXNativeTarget section */
		1D6058900D05DD3D006BFB54 /* MapStyle2.1 */ = {
			isa = PBXNativeTarget;
			buildConfigurationList = 1D6058960D05DD3E006BFB54 /* Build configuration list for PBXNativeTarget "MapStyle2.1" */;
			buildPhases = (
				1D60588D0D05DD3D006BFB54 /* Resources */,
				1D60588E0D05DD3D006BFB54 /* Sources */,
				1D60588F0D05DD3D006BFB54 /* Frameworks */,
			);
			buildRules = (
			);
			dependencies = (
			);
			name = MapStyle2.1;
			productName = LegendSample;
			productReference = 1D6058910D05DD3D006BFB54 /* MapStyle2.app */;
			productType = "com.apple.product-type.application";
		};
/* End PBXNativeTarget section */

/* Begin PBXProject section */
		29B97313FDCFA39411CA2CEA /* Project object */ = {
			isa = PBXProject;
			attributes = {
				LastUpgradeCheck = 0420;
			};
			buildConfigurationList = C01FCF4E08A954540054247B /* Build configuration list for PBXProject "TableOfContentsSample" */;
			compatibilityVersion = "Xcode 3.2";
			developmentRegion = English;
			hasScannedForEncodings = 1;
			knownRegions = (
				English,
				Japanese,
				French,
				German,
			);
			mainGroup = 29B97314FDCFA39411CA2CEA /* CustomTemplate */;
			projectDirPath = "";
			projectRoot = "";
			targets = (
				1D6058900D05DD3D006BFB54 /* MapStyle2.1 */,
			);
		};
/* End PBXProject section */

/* Begin PBXResourcesBuildPhase section */
		1D60588D0D05DD3D006BFB54 /* Resources */ = {
			isa = PBXResourcesBuildPhase;
			buildActionMask = 2147483647;
			files = (
				28AD733F0D9D9553002E5188 /* MainWindow.xib in Resources */,
				2899E5220DE3E06400AC0155 /* MainViewController.xib in Resources */,
				97E8186C1304CDDF001E3C72 /* icon.png in Resources */,
				97E8186D1304CDDF001E3C72 /* icon@2x.png in Resources */,
				C56B409314C78B6C003A46EB /* TOCViewController.xib in Resources */,
				C56B40DA14CF923B003A46EB /* CircleArrowRight_sml.png in Resources */,
				C56B40DB14CF923B003A46EB /* CircleArrowDown_sml.png in Resources */,
				C56B410114D722BF003A46EB /* checkbox_checked.png in Resources */,
				C56B410214D722BF003A46EB /* checkbox_unchecked.png in Resources */,
				97B8C41A16786197003B6E1B /* Default-568h@2x.png in Resources */,
				969A770516FCB15B00851F40 /* ArcGIS.bundle in Resources */,
				969C0C0A1734427000FC6E79 /* index-cards.png in Resources */,
				969C0C0C173442BF00FC6E79 /* map.png in Resources */,
				969A55EE173ACB8F001D0BC2 /* erslogo_orig.png in Resources */,
				9698FD22173BDADD00CA5895 /* PopUpResultsViewController.xib in Resources */,
				9694F242174D10240078EB14 /* ResultsViewController.xib in Resources */,
				9694F244174D10510078EB14 /* LegendViewController.xib in Resources */,
				9694F24A174D4B980078EB14 /* location_icon.jpg in Resources */,
				965D94D5175D24FB0008A59E /* WebsiteViewController.xib in Resources */,
				96F43949175E2E830059CB05 /* MapPickerViewController.xib in Resources */,
				96F4394E175E367D0059CB05 /* SNAPbenefits2010.png in Resources */,
				96F4394F175E367D0059CB05 /* SNAPparticipation2010.png in Resources */,
				96F43950175E367D0059CB05 /* SNAPperperson2010.png in Resources */,
				96F43951175E367D0059CB05 /* SocioeconomicChildPoverty2010.png in Resources */,
				96F43959175E7D690059CB05 /* PickerNavigationController.xib in Resources */,
				9675951717665A9200C22CD2 /* MainViewController_iPad.xib in Resources */,
				96A531221771E44600BFC547 /* Default-icon-iphone.png in Resources */,
				96A531231771E44600BFC547 /* Default-iPhone.png in Resources */,
				96A531241771E44600BFC547 /* Default.png in Resources */,
				96A531251771E44600BFC547 /* Default@2x.png in Resources */,
				96A531271771E45300BFC547 /* Default_icon.png in Resources */,
				96A5314F1772491900BFC547 /* MainWindow-iPad.xib in Resources */,
			);
			runOnlyForDeploymentPostprocessing = 0;
		};
/* End PBXResourcesBuildPhase section */

/* Begin PBXSourcesBuildPhase section */
		1D60588E0D05DD3D006BFB54 /* Sources */ = {
			isa = PBXSourcesBuildPhase;
			buildActionMask = 2147483647;
			files = (
				9694F246174D135D0078EB14 /* LayerInfo.m in Sources */,
				9694F247174D135D0078EB14 /* LayerInfoCell.m in Sources */,
				9694F245174D13230078EB14 /* TOCViewController.m in Sources */,
				1D60589B0D05DD56006BFB54 /* main.m in Sources */,
				C56B40E214CFA067003A46EB /* LayerLegendCell.m in Sources */,
				968FA525174C0B1700FF8DDE /* Reachability.m in Sources */,
				9694F1C7174D06DD0078EB14 /* MainViewController.m in Sources */,
				9694F23A174D0F720078EB14 /* ResultsViewController.m in Sources */,
				9694F23D174D0FA60078EB14 /* LegendViewController.m in Sources */,
				9694F240174D0FCA0078EB14 /* LegendDataSource.m in Sources */,
				9694F248174D1AB20078EB14 /* ERSAppDelegate.m in Sources */,
				96090C12175D2B8F001B4BDB /* WebsiteViewController.m in Sources */,
				96F43948175E2E830059CB05 /* MapPickerViewController.m in Sources */,
				96F43954175E4D740059CB05 /* Map.m in Sources */,
				96F43958175E7D690059CB05 /* PickerNavigationController.m in Sources */,
			);
			runOnlyForDeploymentPostprocessing = 0;
		};
/* End PBXSourcesBuildPhase section */

/* Begin XCBuildConfiguration section */
		1D6058940D05DD3E006BFB54 /* Debug */ = {
			isa = XCBuildConfiguration;
			buildSettings = {
				ALWAYS_SEARCH_USER_PATHS = NO;
				ARCHS = "$(ARCHS_STANDARD_32_BIT)";
				CLANG_ENABLE_OBJC_ARC = YES;
				CODE_SIGN_IDENTITY = "iPhone Developer";
				"CODE_SIGN_IDENTITY[sdk=iphoneos*]" = "iPhone Developer";
				COPY_PHASE_STRIP = NO;
				FRAMEWORK_SEARCH_PATHS = "$(HOME)/Library/SDKs/ArcGIS/iOS/**";
				GCC_DYNAMIC_NO_PIC = NO;
				GCC_OPTIMIZATION_LEVEL = 0;
				GCC_PRECOMPILE_PREFIX_HEADER = YES;
				GCC_PREFIX_HEADER = TableOfContentsSample_Prefix.pch;
				INFOPLIST_FILE = "TableOfContentsSample-Info.plist";
				IPHONEOS_DEPLOYMENT_TARGET = 6.1;
				OTHER_LDFLAGS = (
					"-ObjC",
					"-all_load",
					"-framework",
					ArcGIS,
				);
				PRODUCT_NAME = MapStyle2;
				PROVISIONING_PROFILE = "";
				"PROVISIONING_PROFILE[sdk=iphoneos*]" = "";
				SDKROOT = iphoneos;
				TARGETED_DEVICE_FAMILY = 1;
				VALID_ARCHS = armv7;
			};
			name = Debug;
		};
		1D6058950D05DD3E006BFB54 /* Release */ = {
			isa = XCBuildConfiguration;
			buildSettings = {
				ALWAYS_SEARCH_USER_PATHS = NO;
				ARCHS = "$(ARCHS_STANDARD_32_BIT)";
				CLANG_ENABLE_OBJC_ARC = YES;
				CODE_SIGN_IDENTITY = "iPhone Developer";
				"CODE_SIGN_IDENTITY[sdk=iphoneos*]" = "iPhone Developer";
				COPY_PHASE_STRIP = YES;
				FRAMEWORK_SEARCH_PATHS = "$(HOME)/Library/SDKs/ArcGIS/iOS/**";
				GCC_PRECOMPILE_PREFIX_HEADER = YES;
				GCC_PREFIX_HEADER = TableOfContentsSample_Prefix.pch;
				INFOPLIST_FILE = "TableOfContentsSample-Info.plist";
				IPHONEOS_DEPLOYMENT_TARGET = 6.1;
				OTHER_LDFLAGS = (
					"-ObjC",
					"-all_load",
					"-framework",
					ArcGIS,
				);
				PRODUCT_NAME = MapStyle2;
				PROVISIONING_PROFILE = "";
				"PROVISIONING_PROFILE[sdk=iphoneos*]" = "";
				SDKROOT = iphoneos;
				TARGETED_DEVICE_FAMILY = 1;
				VALID_ARCHS = armv7;
			};
			name = Release;
		};
		C01FCF4F08A954540054247B /* Debug */ = {
			isa = XCBuildConfiguration;
			buildSettings = {
				ARCHS = "$(ARCHS_STANDARD_32_BIT)";
				CODE_SIGN_IDENTITY = "iPhone Developer";
				"CODE_SIGN_IDENTITY[sdk=iphoneos*]" = "iPhone Developer";
				GCC_C_LANGUAGE_STANDARD = c99;
				GCC_WARN_ABOUT_RETURN_TYPE = YES;
				GCC_WARN_UNUSED_VARIABLE = YES;
				IPHONEOS_DEPLOYMENT_TARGET = 6.0;
				PROVISIONING_PROFILE = "";
				SDKROOT = iphoneos;
				VALID_ARCHS = armv7;
			};
			name = Debug;
		};
		C01FCF5008A954540054247B /* Release */ = {
			isa = XCBuildConfiguration;
			buildSettings = {
				ARCHS = "$(ARCHS_STANDARD_32_BIT)";
				CODE_SIGN_IDENTITY = "iPhone Developer";
				"CODE_SIGN_IDENTITY[sdk=iphoneos*]" = "iPhone Developer";
				GCC_C_LANGUAGE_STANDARD = c99;
				GCC_WARN_ABOUT_RETURN_TYPE = YES;
				GCC_WARN_UNUSED_VARIABLE = YES;
				IPHONEOS_DEPLOYMENT_TARGET = 6.0;
				PROVISIONING_PROFILE = "";
				SDKROOT = iphoneos;
				VALID_ARCHS = armv7;
			};
			name = Release;
		};
/* End XCBuildConfiguration section */

/* Begin XCConfigurationList section */
		1D6058960D05DD3E006BFB54 /* Build configuration list for PBXNativeTarget "MapStyle2.1" */ = {
			isa = XCConfigurationList;
			buildConfigurations = (
				1D6058940D05DD3E006BFB54 /* Debug */,
				1D6058950D05DD3E006BFB54 /* Release */,
			);
			defaultConfigurationIsVisible = 0;
			defaultConfigurationName = Release;
		};
		C01FCF4E08A954540054247B /* Build configuration list for PBXProject "TableOfContentsSample" */ = {
			isa = XCConfigurationList;
			buildConfigurations = (
				C01FCF4F08A954540054247B /* Debug */,
				C01FCF5008A954540054247B /* Release */,
			);
			defaultConfigurationIsVisible = 0;
			defaultConfigurationName = Release;
		};
/* End XCConfigurationList section */
	};
	rootObject = 29B97313FDCFA39411CA2CEA /* Project object */;
}
